
Microsoft Visual Studio Solution File, Format Version 12.00
# Visual Studio Version 16
VisualStudioVersion = 16.0.32106.194
MinimumVisualStudioVersion = 10.0.40219.1
Project("{888888A0-9F3D-457C-B088-3A5042F75D52}") = "CSC499_Assignment1", "CSC499_Assignment1\CSC499_Assignment1.pyproj", "{CCE7892F-50BF-4954-BFBD-6B1EEDB648AD}"
EndProject
Global
	GlobalSection(SolutionConfigurationPlatforms) = preSolution
		Debug|Any CPU = Debug|Any CPU
		Release|Any CPU = Release|Any CPU
	EndGlobalSection
	GlobalSection(ProjectConfigurationPlatforms) = postSolution
		{CCE7892F-50BF-4954-BFBD-6B1EEDB648AD}.Debug|Any CPU.ActiveCfg = Debug|Any CPU
		{CCE7892F-50BF-4954-BFBD-6B1EEDB648AD}.Release|Any CPU.ActiveCfg = Release|Any CPU
	EndGlobalSection
	GlobalSection(SolutionProperties) = preSolution
		HideSolutionNode = FALSE
	EndGlobalSection
	GlobalSection(ExtensibilityGlobals) = postSolution
		SolutionGuid = {ACFAD221-291B-47C2-B2F5-E5C9ED8F8850}
	EndGlobalSection
EndGlobal
